// !$*UTF8*$!
{
	archiveVersion = 1;
	classes = {
	};
	objectVersion = 51;
	objects = {

/* Begin PBXBuildFile section */
		2C5FAD9724067B12005629D1 /* AppDelegate.swift in Sources */ = {isa = PBXBuildFile; fileRef = 2C5FAD9624067B12005629D1 /* AppDelegate.swift */; };
		2C5FAD9924067B12005629D1 /* SceneDelegate.swift in Sources */ = {isa = PBXBuildFile; fileRef = 2C5FAD9824067B12005629D1 /* SceneDelegate.swift */; };
		2C5FAD9B24067B12005629D1 /* ViewController.swift in Sources */ = {isa = PBXBuildFile; fileRef = 2C5FAD9A24067B12005629D1 /* ViewController.swift */; };
		2C5FAD9E24067B12005629D1 /* Main.storyboard in Resources */ = {isa = PBXBuildFile; fileRef = 2C5FAD9C24067B12005629D1 /* Main.storyboard */; };
		2C5FADA024067B17005629D1 /* Assets.xcassets in Resources */ = {isa = PBXBuildFile; fileRef = 2C5FAD9F24067B17005629D1 /* Assets.xcassets */; };
		2C5FADA324067B17005629D1 /* LaunchScreen.storyboard in Resources */ = {isa = PBXBuildFile; fileRef = 2C5FADA124067B17005629D1 /* LaunchScreen.storyboard */; };
		2C789B14241BEBDC002E2091 /* AnimationsViewController.swift in Sources */ = {isa = PBXBuildFile; fileRef = 2C789B13241BEBDC002E2091 /* AnimationsViewController.swift */; };
		2C789B16241C09C7002E2091 /* AlertView.swift in Sources */ = {isa = PBXBuildFile; fileRef = 2C789B15241C09C7002E2091 /* AlertView.swift */; };
		2CA20269241B86450085C8EB /* Model.xcdatamodeld in Sources */ = {isa = PBXBuildFile; fileRef = 2CA20267241B86450085C8EB /* Model.xcdatamodeld */; };
		2CE2EF202416413E00A9D8E0 /* MapboxMobileEvents.framework in Frameworks */ = {isa = PBXBuildFile; fileRef = 2CE2EF1F2416413E00A9D8E0 /* MapboxMobileEvents.framework */; };
		575140F0DE1CE562FD6FF0D5 /* Pods_ProjectMapKit.framework in Frameworks */ = {isa = PBXBuildFile; fileRef = 7B35F5A7F0A498019597A982 /* Pods_ProjectMapKit.framework */; };
/* End PBXBuildFile section */

/* Begin PBXFileReference section */
		2C2833392412445800E7B98F /* MapboxMobileEvents.framework */ = {isa = PBXFileReference; explicitFileType = wrapper.framework; path = MapboxMobileEvents.framework; sourceTree = BUILT_PRODUCTS_DIR; };
		2C5FAD9324067B12005629D1 /* ProjectMapKit.app */ = {isa = PBXFileReference; explicitFileType = wrapper.application; includeInIndex = 0; path = ProjectMapKit.app; sourceTree = BUILT_PRODUCTS_DIR; };
		2C5FAD9624067B12005629D1 /* AppDelegate.swift */ = {isa = PBXFileReference; lastKnownFileType = sourcecode.swift; path = AppDelegate.swift; sourceTree = "<group>"; };
		2C5FAD9824067B12005629D1 /* SceneDelegate.swift */ = {isa = PBXFileReference; lastKnownFileType = sourcecode.swift; path = SceneDelegate.swift; sourceTree = "<group>"; };
		2C5FAD9A24067B12005629D1 /* ViewController.swift */ = {isa = PBXFileReference; lastKnownFileType = sourcecode.swift; path = ViewController.swift; sourceTree = "<group>"; };
		2C5FAD9D24067B12005629D1 /* Base */ = {isa = PBXFileReference; lastKnownFileType = file.storyboard; name = Base; path = Base.lproj/Main.storyboard; sourceTree = "<group>"; };
		2C5FAD9F24067B17005629D1 /* Assets.xcassets */ = {isa = PBXFileReference; lastKnownFileType = folder.assetcatalog; path = Assets.xcassets; sourceTree = "<group>"; };
		2C5FADA224067B17005629D1 /* Base */ = {isa = PBXFileReference; lastKnownFileType = file.storyboard; name = Base; path = Base.lproj/LaunchScreen.storyboard; sourceTree = "<group>"; };
		2C5FADA424067B17005629D1 /* Info.plist */ = {isa = PBXFileReference; lastKnownFileType = text.plist.xml; path = Info.plist; sourceTree = "<group>"; };
		2C789B13241BEBDC002E2091 /* AnimationsViewController.swift */ = {isa = PBXFileReference; lastKnownFileType = sourcecode.swift; name = AnimationsViewController.swift; path = /Users/marcus/Documents/AppleDev/mapKit/NavigationProject/ProjectMapKit/Controller/AnimationsViewController.swift; sourceTree = "<absolute>"; };
		2C789B15241C09C7002E2091 /* AlertView.swift */ = {isa = PBXFileReference; lastKnownFileType = sourcecode.swift; path = AlertView.swift; sourceTree = "<group>"; };
		2CA20268241B86450085C8EB /* Model.xcdatamodel */ = {isa = PBXFileReference; lastKnownFileType = wrapper.xcdatamodel; path = Model.xcdatamodel; sourceTree = "<group>"; };
		2CE2EF1F2416413E00A9D8E0 /* MapboxMobileEvents.framework */ = {isa = PBXFileReference; explicitFileType = wrapper.framework; path = MapboxMobileEvents.framework; sourceTree = BUILT_PRODUCTS_DIR; };
		7B35F5A7F0A498019597A982 /* Pods_ProjectMapKit.framework */ = {isa = PBXFileReference; explicitFileType = wrapper.framework; includeInIndex = 0; path = Pods_ProjectMapKit.framework; sourceTree = BUILT_PRODUCTS_DIR; };
		AEC792EF18503540849C21CC /* Pods-ProjectMapKit.debug.xcconfig */ = {isa = PBXFileReference; includeInIndex = 1; lastKnownFileType = text.xcconfig; name = "Pods-ProjectMapKit.debug.xcconfig"; path = "Target Support Files/Pods-ProjectMapKit/Pods-ProjectMapKit.debug.xcconfig"; sourceTree = "<group>"; };
		FF040CBE078B6142178FB151 /* Pods-ProjectMapKit.release.xcconfig */ = {isa = PBXFileReference; includeInIndex = 1; lastKnownFileType = text.xcconfig; name = "Pods-ProjectMapKit.release.xcconfig"; path = "Target Support Files/Pods-ProjectMapKit/Pods-ProjectMapKit.release.xcconfig"; sourceTree = "<group>"; };
/* End PBXFileReference section */

/* Begin PBXFrameworksBuildPhase section */
		2C5FAD9024067B12005629D1 /* Frameworks */ = {
			isa = PBXFrameworksBuildPhase;
			buildActionMask = 2147483647;
			files = (
				2CE2EF202416413E00A9D8E0 /* MapboxMobileEvents.framework in Frameworks */,
				575140F0DE1CE562FD6FF0D5 /* Pods_ProjectMapKit.framework in Frameworks */,
			);
			runOnlyForDeploymentPostprocessing = 0;
		};
/* End PBXFrameworksBuildPhase section */

/* Begin PBXGroup section */
		2C2643802407DBD7005AA15F /* Models */ = {
			isa = PBXGroup;
			children = (
				2CA20267241B86450085C8EB /* Model.xcdatamodeld */,
				2C789B15241C09C7002E2091 /* AlertView.swift */,
			);
			path = Models;
			sourceTree = "<group>";
		};
		2C2643812407DBE7005AA15F /* View */ = {
			isa = PBXGroup;
			children = (
				2C5FADA124067B17005629D1 /* LaunchScreen.storyboard */,
				2C5FAD9C24067B12005629D1 /* Main.storyboard */,
			);
			path = View;
			sourceTree = "<group>";
		};
		2C2643822407DC03005AA15F /* Controller */ = {
			isa = PBXGroup;
			children = (
				2C789B13241BEBDC002E2091 /* AnimationsViewController.swift */,
				2C5FAD9A24067B12005629D1 /* ViewController.swift */,
			);
			path = Controller;
			sourceTree = "<group>";
		};
		2C5FAD8A24067B12005629D1 = {
			isa = PBXGroup;
			children = (
				2C5FAD9524067B12005629D1 /* ProjectMapKit */,
				2C5FAD9424067B12005629D1 /* Products */,
				2E2050B2B760E9829AFA47DF /* Pods */,
				748D872AD34A0816D47EB794 /* Frameworks */,
			);
			sourceTree = "<group>";
		};
		2C5FAD9424067B12005629D1 /* Products */ = {
			isa = PBXGroup;
			children = (
				2C5FAD9324067B12005629D1 /* ProjectMapKit.app */,
			);
			name = Products;
			sourceTree = "<group>";
		};
		2C5FAD9524067B12005629D1 /* ProjectMapKit */ = {
			isa = PBXGroup;
			children = (
				2CE016D5240CFBC70095A356 /* Suporting files */,
				2C2643802407DBD7005AA15F /* Models */,
				2C2643812407DBE7005AA15F /* View */,
				2C2643822407DC03005AA15F /* Controller */,
				2C5FAD9F24067B17005629D1 /* Assets.xcassets */,
				2C5FADA424067B17005629D1 /* Info.plist */,
			);
			path = ProjectMapKit;
			sourceTree = "<group>";
		};
		2CE016D5240CFBC70095A356 /* Suporting files */ = {
			isa = PBXGroup;
			children = (
				2C5FAD9824067B12005629D1 /* SceneDelegate.swift */,
				2C5FAD9624067B12005629D1 /* AppDelegate.swift */,
			);
			path = "Suporting files";
			sourceTree = "<group>";
		};
		2E2050B2B760E9829AFA47DF /* Pods */ = {
			isa = PBXGroup;
			children = (
				AEC792EF18503540849C21CC /* Pods-ProjectMapKit.debug.xcconfig */,
				FF040CBE078B6142178FB151 /* Pods-ProjectMapKit.release.xcconfig */,
			);
			path = Pods;
			sourceTree = "<group>";
		};
		748D872AD34A0816D47EB794 /* Frameworks */ = {
			isa = PBXGroup;
			children = (
				2CE2EF1F2416413E00A9D8E0 /* MapboxMobileEvents.framework */,
				2C2833392412445800E7B98F /* MapboxMobileEvents.framework */,
				7B35F5A7F0A498019597A982 /* Pods_ProjectMapKit.framework */,
			);
			name = Frameworks;
			sourceTree = "<group>";
		};
/* End PBXGroup section */

/* Begin PBXNativeTarget section */
		2C5FAD9224067B12005629D1 /* ProjectMapKit */ = {
			isa = PBXNativeTarget;
			buildConfigurationList = 2C5FADA724067B17005629D1 /* Build configuration list for PBXNativeTarget "ProjectMapKit" */;
			buildPhases = (
				EA5BEB2F44E34877CD770878 /* [CP] Check Pods Manifest.lock */,
				2C5FAD8F24067B12005629D1 /* Sources */,
				2C5FAD9024067B12005629D1 /* Frameworks */,
				2C5FAD9124067B12005629D1 /* Resources */,
				7814546F001D90CCA9E14FC7 /* [CP] Embed Pods Frameworks */,
			);
			buildRules = (
			);
			dependencies = (
			);
			name = ProjectMapKit;
			productName = ProjectMapKit;
			productReference = 2C5FAD9324067B12005629D1 /* ProjectMapKit.app */;
			productType = "com.apple.product-type.application";
		};
/* End PBXNativeTarget section */

/* Begin PBXProject section */
		2C5FAD8B24067B12005629D1 /* Project object */ = {
			isa = PBXProject;
			attributes = {
				LastSwiftUpdateCheck = 1120;
				LastUpgradeCheck = 1120;
				ORGANIZATIONNAME = "Marcus Nilsson";
				TargetAttributes = {
					2C5FAD9224067B12005629D1 = {
						CreatedOnToolsVersion = 11.2.1;
					};
				};
			};
			buildConfigurationList = 2C5FAD8E24067B12005629D1 /* Build configuration list for PBXProject "ProjectMapKit" */;
			compatibilityVersion = "Xcode 9.3";
			developmentRegion = en;
			hasScannedForEncodings = 0;
			knownRegions = (
				en,
				Base,
			);
			mainGroup = 2C5FAD8A24067B12005629D1;
			productRefGroup = 2C5FAD9424067B12005629D1 /* Products */;
			projectDirPath = "";
			projectRoot = "";
			targets = (
				2C5FAD9224067B12005629D1 /* ProjectMapKit */,
			);
		};
/* End PBXProject section */

/* Begin PBXResourcesBuildPhase section */
		2C5FAD9124067B12005629D1 /* Resources */ = {
			isa = PBXResourcesBuildPhase;
			buildActionMask = 2147483647;
			files = (
				2C5FADA324067B17005629D1 /* LaunchScreen.storyboard in Resources */,
				2C5FADA024067B17005629D1 /* Assets.xcassets in Resources */,
				2C5FAD9E24067B12005629D1 /* Main.storyboard in Resources */,
			);
			runOnlyForDeploymentPostprocessing = 0;
		};
/* End PBXResourcesBuildPhase section */

/* Begin PBXShellScriptBuildPhase section */
		7814546F001D90CCA9E14FC7 /* [CP] Embed Pods Frameworks */ = {
			isa = PBXShellScriptBuildPhase;
			buildActionMask = 2147483647;
			files = (
			);
			inputFileListPaths = (
				"${PODS_ROOT}/Target Support Files/Pods-ProjectMapKit/Pods-ProjectMapKit-frameworks-${CONFIGURATION}-input-files.xcfilelist",
			);
			name = "[CP] Embed Pods Frameworks";
			outputFileListPaths = (
				"${PODS_ROOT}/Target Support Files/Pods-ProjectMapKit/Pods-ProjectMapKit-frameworks-${CONFIGURATION}-output-files.xcfilelist",
			);
			runOnlyForDeploymentPostprocessing = 0;
			shellPath = /bin/sh;
			shellScript = "\"${PODS_ROOT}/Target Support Files/Pods-ProjectMapKit/Pods-ProjectMapKit-frameworks.sh\"\n";
			showEnvVarsInLog = 0;
		};
		EA5BEB2F44E34877CD770878 /* [CP] Check Pods Manifest.lock */ = {
			isa = PBXShellScriptBuildPhase;
			buildActionMask = 2147483647;
			files = (
			);
			inputFileListPaths = (
			);
			inputPaths = (
				"${PODS_PODFILE_DIR_PATH}/Podfile.lock",
				"${PODS_ROOT}/Manifest.lock",
			);
			name = "[CP] Check Pods Manifest.lock";
			outputFileListPaths = (
			);
			outputPaths = (
				"$(DERIVED_FILE_DIR)/Pods-ProjectMapKit-checkManifestLockResult.txt",
			);
			runOnlyForDeploymentPostprocessing = 0;
			shellPath = /bin/sh;
			shellScript = "diff \"${PODS_PODFILE_DIR_PATH}/Podfile.lock\" \"${PODS_ROOT}/Manifest.lock\" > /dev/null\nif [ $? != 0 ] ; then\n    # print error to STDERR\n    echo \"error: The sandbox is not in sync with the Podfile.lock. Run 'pod install' or update your CocoaPods installation.\" >&2\n    exit 1\nfi\n# This output is used by Xcode 'outputs' to avoid re-running this script phase.\necho \"SUCCESS\" > \"${SCRIPT_OUTPUT_FILE_0}\"\n";
			showEnvVarsInLog = 0;
		};
/* End PBXShellScriptBuildPhase section */

/* Begin PBXSourcesBuildPhase section */
		2C5FAD8F24067B12005629D1 /* Sources */ = {
			isa = PBXSourcesBuildPhase;
			buildActionMask = 2147483647;
			files = (
				2C5FAD9B24067B12005629D1 /* ViewController.swift in Sources */,
				2CA20269241B86450085C8EB /* Model.xcdatamodeld in Sources */,
				2C789B14241BEBDC002E2091 /* AnimationsViewController.swift in Sources */,
				2C5FAD9724067B12005629D1 /* AppDelegate.swift in Sources */,
				2C5FAD9924067B12005629D1 /* SceneDelegate.swift in Sources */,
				2C789B16241C09C7002E2091 /* AlertView.swift in Sources */,
			);
			runOnlyForDeploymentPostprocessing = 0;
		};
/* End PBXSourcesBuildPhase section */

/* Begin PBXVariantGroup section */
		2C5FAD9C24067B12005629D1 /* Main.storyboard */ = {
			isa = PBXVariantGroup;
			children = (
				2C5FAD9D24067B12005629D1 /* Base */,
			);
			name = Main.storyboard;
			sourceTree = "<group>";
		};
		2C5FADA124067B17005629D1 /* LaunchScreen.storyboard */ = {
			isa = PBXVariantGroup;
			children = (
				2C5FADA224067B17005629D1 /* Base */,
			);
			name = LaunchScreen.storyboard;
			sourceTree = "<group>";
		};
/* End PBXVariantGroup section */

/* Begin XCBuildConfiguration section */
		2C5FADA524067B17005629D1 /* Debug */ = {
			isa = XCBuildConfiguration;
			buildSettings = {
				ALWAYS_SEARCH_USER_PATHS = NO;
				CLANG_ANALYZER_NONNULL = YES;
				CLANG_ANALYZER_NUMBER_OBJECT_CONVERSION = YES_AGGRESSIVE;
				CLANG_CXX_LANGUAGE_STANDARD = "gnu++14";
				CLANG_CXX_LIBRARY = "libc++";
				CLANG_ENABLE_MODULES = YES;
				CLANG_ENABLE_OBJC_ARC = YES;
				CLANG_ENABLE_OBJC_WEAK = YES;
				CLANG_WARN_BLOCK_CAPTURE_AUTORELEASING = YES;
				CLANG_WARN_BOOL_CONVERSION = YES;
				CLANG_WARN_COMMA = YES;
				CLANG_WARN_CONSTANT_CONVERSION = YES;
				CLANG_WARN_DEPRECATED_OBJC_IMPLEMENTATIONS = YES;
				CLANG_WARN_DIRECT_OBJC_ISA_USAGE = YES_ERROR;
				CLANG_WARN_DOCUMENTATION_COMMENTS = YES;
				CLANG_WARN_EMPTY_BODY = YES;
				CLANG_WARN_ENUM_CONVERSION = YES;
				CLANG_WARN_INFINITE_RECURSION = YES;
				CLANG_WARN_INT_CONVERSION = YES;
				CLANG_WARN_NON_LITERAL_NULL_CONVERSION = YES;
				CLANG_WARN_OBJC_IMPLICIT_RETAIN_SELF = YES;
				CLANG_WARN_OBJC_LITERAL_CONVERSION = YES;
				CLANG_WARN_OBJC_ROOT_CLASS = YES_ERROR;
				CLANG_WARN_RANGE_LOOP_ANALYSIS = YES;
				CLANG_WARN_STRICT_PROTOTYPES = YES;
				CLANG_WARN_SUSPICIOUS_MOVE = YES;
				CLANG_WARN_UNGUARDED_AVAILABILITY = YES_AGGRESSIVE;
				CLANG_WARN_UNREACHABLE_CODE = YES;
				CLANG_WARN__DUPLICATE_METHOD_MATCH = YES;
				COPY_PHASE_STRIP = NO;
				DEBUG_INFORMATION_FORMAT = dwarf;
				ENABLE_STRICT_OBJC_MSGSEND = YES;
				ENABLE_TESTABILITY = YES;
				GCC_C_LANGUAGE_STANDARD = gnu11;
				GCC_DYNAMIC_NO_PIC = NO;
				GCC_NO_COMMON_BLOCKS = YES;
				GCC_OPTIMIZATION_LEVEL = 0;
				GCC_PREPROCESSOR_DEFINITIONS = (
					"DEBUG=1",
					"$(inherited)",
				);
				GCC_WARN_64_TO_32_BIT_CONVERSION = YES;
				GCC_WARN_ABOUT_RETURN_TYPE = YES_ERROR;
				GCC_WARN_UNDECLARED_SELECTOR = YES;
				GCC_WARN_UNINITIALIZED_AUTOS = YES_AGGRESSIVE;
				GCC_WARN_UNUSED_FUNCTION = YES;
				GCC_WARN_UNUSED_VARIABLE = YES;
				IPHONEOS_DEPLOYMENT_TARGET = 13.2;
				MTL_ENABLE_DEBUG_INFO = INCLUDE_SOURCE;
				MTL_FAST_MATH = YES;
				ONLY_ACTIVE_ARCH = YES;
				SDKROOT = iphoneos;
				SWIFT_ACTIVE_COMPILATION_CONDITIONS = DEBUG;
				SWIFT_OPTIMIZATION_LEVEL = "-Onone";
			};
			name = Debug;
		};
		2C5FADA624067B17005629D1 /* Release */ = {
			isa = XCBuildConfiguration;
			buildSettings = {
				ALWAYS_SEARCH_USER_PATHS = NO;
				CLANG_ANALYZER_NONNULL = YES;
				CLANG_ANALYZER_NUMBER_OBJECT_CONVERSION = YES_AGGRESSIVE;
				CLANG_CXX_LANGUAGE_STANDARD = "gnu++14";
				CLANG_CXX_LIBRARY = "libc++";
				CLANG_ENABLE_MODULES = YES;
				CLANG_ENABLE_OBJC_ARC = YES;
				CLANG_ENABLE_OBJC_WEAK = YES;
				CLANG_WARN_BLOCK_CAPTURE_AUTORELEASING = YES;
				CLANG_WARN_BOOL_CONVERSION = YES;
				CLANG_WARN_COMMA = YES;
				CLANG_WARN_CONSTANT_CONVERSION = YES;
				CLANG_WARN_DEPRECATED_OBJC_IMPLEMENTATIONS = YES;
				CLANG_WARN_DIRECT_OBJC_ISA_USAGE = YES_ERROR;
				CLANG_WARN_DOCUMENTATION_COMMENTS = YES;
				CLANG_WARN_EMPTY_BODY = YES;
				CLANG_WARN_ENUM_CONVERSION = YES;
				CLANG_WARN_INFINITE_RECURSION = YES;
				CLANG_WARN_INT_CONVERSION = YES;
				CLANG_WARN_NON_LITERAL_NULL_CONVERSION = YES;
				CLANG_WARN_OBJC_IMPLICIT_RETAIN_SELF = YES;
				CLANG_WARN_OBJC_LITERAL_CONVERSION = YES;
				CLANG_WARN_OBJC_ROOT_CLASS = YES_ERROR;
				CLANG_WARN_RANGE_LOOP_ANALYSIS = YES;
				CLANG_WARN_STRICT_PROTOTYPES = YES;
				CLANG_WARN_SUSPICIOUS_MOVE = YES;
				CLANG_WARN_UNGUARDED_AVAILABILITY = YES_AGGRESSIVE;
				CLANG_WARN_UNREACHABLE_CODE = YES;
				CLANG_WARN__DUPLICATE_METHOD_MATCH = YES;
				COPY_PHASE_STRIP = NO;
				DEBUG_INFORMATION_FORMAT = "dwarf-with-dsym";
				ENABLE_NS_ASSERTIONS = NO;
				ENABLE_STRICT_OBJC_MSGSEND = YES;
				GCC_C_LANGUAGE_STANDARD = gnu11;
				GCC_NO_COMMON_BLOCKS = YES;
				GCC_WARN_64_TO_32_BIT_CONVERSION = YES;
				GCC_WARN_ABOUT_RETURN_TYPE = YES_ERROR;
				GCC_WARN_UNDECLARED_SELECTOR = YES;
				GCC_WARN_UNINITIALIZED_AUTOS = YES_AGGRESSIVE;
				GCC_WARN_UNUSED_FUNCTION = YES;
				GCC_WARN_UNUSED_VARIABLE = YES;
				IPHONEOS_DEPLOYMENT_TARGET = 13.2;
				MTL_ENABLE_DEBUG_INFO = NO;
				MTL_FAST_MATH = YES;
				SDKROOT = iphoneos;
				SWIFT_COMPILATION_MODE = wholemodule;
				SWIFT_OPTIMIZATION_LEVEL = "-O";
				VALIDATE_PRODUCT = YES;
			};
			name = Release;
		};
		2C5FADA824067B17005629D1 /* Debug */ = {
			isa = XCBuildConfiguration;
			baseConfigurationReference = AEC792EF18503540849C21CC /* Pods-ProjectMapKit.debug.xcconfig */;
			buildSettings = {
				ASSETCATALOG_COMPILER_APPICON_NAME = AppIcon;
				CODE_SIGN_STYLE = Automatic;
				DEVELOPMENT_TEAM = BGL75TRZM6;
				INFOPLIST_FILE = ProjectMapKit/Info.plist;
				LD_RUNPATH_SEARCH_PATHS = (
					"$(inherited)",
					"@executable_path/Frameworks",
				);
				PRODUCT_BUNDLE_IDENTIFIER = "Marcus-Nilsson.ProjectMapKit";
				PRODUCT_NAME = "$(TARGET_NAME)";
				SWIFT_VERSION = 5.0;
				TARGETED_DEVICE_FAMILY = 1;
			};
			name = Debug;
		};
		2C5FADA924067B17005629D1 /* Release */ = {
			isa = XCBuildConfiguration;
			baseConfigurationReference = FF040CBE078B6142178FB151 /* Pods-ProjectMapKit.release.xcconfig */;
			buildSettings = {
				ASSETCATALOG_COMPILER_APPICON_NAME = AppIcon;
				CODE_SIGN_STYLE = Automatic;
				DEVELOPMENT_TEAM = BGL75TRZM6;
				INFOPLIST_FILE = ProjectMapKit/Info.plist;
				LD_RUNPATH_SEARCH_PATHS = (
					"$(inherited)",
					"@executable_path/Frameworks",
				);
				PRODUCT_BUNDLE_IDENTIFIER = "Marcus-Nilsson.ProjectMapKit";
				PRODUCT_NAME = "$(TARGET_NAME)";
				SWIFT_VERSION = 5.0;
				TARGETED_DEVICE_FAMILY = 1;
			};
			name = Release;
		};
/* End XCBuildConfiguration section */

/* Begin XCConfigurationList section */
		2C5FAD8E24067B12005629D1 /* Build configuration list for PBXProject "ProjectMapKit" */ = {
			isa = XCConfigurationList;
			buildConfigurations = (
				2C5FADA524067B17005629D1 /* Debug */,
				2C5FADA624067B17005629D1 /* Release */,
			);
			defaultConfigurationIsVisible = 0;
			defaultConfigurationName = Release;
		};
		2C5FADA724067B17005629D1 /* Build configuration list for PBXNativeTarget "ProjectMapKit" */ = {
			isa = XCConfigurationList;
			buildConfigurations = (
				2C5FADA824067B17005629D1 /* Debug */,
				2C5FADA924067B17005629D1 /* Release */,
			);
			defaultConfigurationIsVisible = 0;
			defaultConfigurationName = Release;
		};
/* End XCConfigurationList section */

/* Begin XCVersionGroup section */
		2CA20267241B86450085C8EB /* Model.xcdatamodeld */ = {
			isa = XCVersionGroup;
			children = (
				2CA20268241B86450085C8EB /* Model.xcdatamodel */,
			);
			currentVersion = 2CA20268241B86450085C8EB /* Model.xcdatamodel */;
			path = Model.xcdatamodeld;
			sourceTree = "<group>";
			versionGroupType = wrapper.xcdatamodel;
		};
/* End XCVersionGroup section */
	};
	rootObject = 2C5FAD8B24067B12005629D1 /* Project object */;
}
